<?xml version="1.0" encoding="utf-8"?>
<Project ToolsVersion="4.0" xmlns="http://schemas.microsoft.com/developer/msbuild/2003">
  <ItemGroup>
    <Filter Include="headers">
      <UniqueIdentifier>{a3ad2333-0774-48d5-bdcd-76472a8c0d82}</UniqueIdentifier>
    </Filter>
    <Filter Include="resources">
      <UniqueIdentifier>{c41a0c29-5133-4d93-bdd1-2a33bef556eb}</UniqueIdentifier>
    </Filter>
    <Filter Include="source files">
      <UniqueIdentifier>{64e2d499-661b-4f8c-85dc-77f838cb8d3d}</UniqueIdentifier>
    </Filter>
  </ItemGroup>
  <ItemGroup>
    <ClInclude Include="src\MainWindow.h">
      <Filter>headers</Filter>
    </ClInclude>
    <ClInclude Include="src\resource.h">
      <Filter>headers</Filter>
    </ClInclude>
    <ClInclude Include="src\CameraControlsBar.h">
      <Filter>headers</Filter>
    </ClInclude>
    <ClInclude Include="src\Config.h">
      <Filter>headers</Filter>
    </ClInclude>
    <ClInclude Include="src\Renderer.h">
      <Filter>headers</Filter>
    </ClInclude>
    <ClInclude Include="src\RenderWindow.h">
      <Filter>headers</Filter>
    </ClInclude>
  </ItemGroup>
  <ItemGroup>
    <ClCompile Include="src\MainWindow.cpp">
      <Filter>source files</Filter>
    </ClCompile>
    <ClCompile Include="src\CameraControlsBar.cpp">
      <Filter>source files</Filter>
    </ClCompile>
    <ClCompile Include="src\Renderer.cpp">
      <Filter>source files</Filter>
    </ClCompile>
    <ClCompile Include="src\RenderWindow.cpp">
      <Filter>source files</Filter>
    </ClCompile>
  </ItemGroup>
  <ItemGroup>
    <ResourceCompile Include="src\Billiards.rc">
      <Filter>resources</Filter>
    </ResourceCompile>
  </ItemGroup>
</Project>